
Microsoft Visual Studio Solution File, Format Version 12.00
# Visual Studio Version 17
VisualStudioVersion = 17.9.34723.18
MinimumVisualStudioVersion = 10.0.40219.1
Project("{FAE04EC0-301F-11D3-BF4B-00C04F79EFBC}") = "MP1_TCP_Servers", "MP1_TCP_Servers\MP1_TCP_Servers.csproj", "{7F5D8CEC-6069-4033-875C-B541AD2C3CAC}"
EndProject
Global
	GlobalSection(SolutionConfigurationPlatforms) = preSolution
		Debug|Any CPU = Debug|Any CPU
		Release|Any CPU = Release|Any CPU
	EndGlobalSection
	GlobalSection(ProjectConfigurationPlatforms) = postSolution
		{7F5D8CEC-6069-4033-875C-B541AD2C3CAC}.Debug|Any CPU.ActiveCfg = Debug|Any CPU
		{7F5D8CEC-6069-4033-875C-B541AD2C3CAC}.Debug|Any CPU.Build.0 = Debug|Any CPU
		{7F5D8CEC-6069-4033-875C-B541AD2C3CAC}.Release|Any CPU.ActiveCfg = Release|Any CPU
		{7F5D8CEC-6069-4033-875C-B541AD2C3CAC}.Release|Any CPU.Build.0 = Release|Any CPU
	EndGlobalSection
	GlobalSection(SolutionProperties) = preSolution
		HideSolutionNode = FALSE
	EndGlobalSection
	GlobalSection(ExtensibilityGlobals) = postSolution
		SolutionGuid = {CE298937-F58E-4B53-A373-6EEEEFB33913}
	EndGlobalSection
EndGlobal
